
Microsoft Visual Studio Solution File, Format Version 12.00
# Visual Studio Version 17
VisualStudioVersion = 17.7.34202.233
MinimumVisualStudioVersion = 10.0.40219.1
Project("{FAE04EC0-301F-11D3-BF4B-00C04F79EFBC}") = "ClassLibrary", "ClassLibrary\ClassLibrary.csproj", "{DF7EC3A5-5471-43CD-A644-60C7F4E65BE4}"
EndProject
Project("{FAE04EC0-301F-11D3-BF4B-00C04F79EFBC}") = "UnitTestProject", "UnitTestProject\UnitTestProject.csproj", "{A697CBBC-D347-49FC-A279-B2E96AA0D32B}"
EndProject
Global
	GlobalSection(SolutionConfigurationPlatforms) = preSolution
		Debug|Any CPU = Debug|Any CPU
		Release|Any CPU = Release|Any CPU
	EndGlobalSection
	GlobalSection(ProjectConfigurationPlatforms) = postSolution
		{DF7EC3A5-5471-43CD-A644-60C7F4E65BE4}.Debug|Any CPU.ActiveCfg = Debug|Any CPU
		{DF7EC3A5-5471-43CD-A644-60C7F4E65BE4}.Debug|Any CPU.Build.0 = Debug|Any CPU
		{DF7EC3A5-5471-43CD-A644-60C7F4E65BE4}.Release|Any CPU.ActiveCfg = Release|Any CPU
		{DF7EC3A5-5471-43CD-A644-60C7F4E65BE4}.Release|Any CPU.Build.0 = Release|Any CPU
		{A697CBBC-D347-49FC-A279-B2E96AA0D32B}.Debug|Any CPU.ActiveCfg = Debug|Any CPU
		{A697CBBC-D347-49FC-A279-B2E96AA0D32B}.Debug|Any CPU.Build.0 = Debug|Any CPU
		{A697CBBC-D347-49FC-A279-B2E96AA0D32B}.Release|Any CPU.ActiveCfg = Release|Any CPU
		{A697CBBC-D347-49FC-A279-B2E96AA0D32B}.Release|Any CPU.Build.0 = Release|Any CPU
	EndGlobalSection
	GlobalSection(SolutionProperties) = preSolution
		HideSolutionNode = FALSE
	EndGlobalSection
	GlobalSection(ExtensibilityGlobals) = postSolution
		SolutionGuid = {F0FBB683-5BDB-4F82-BA70-E05086F8A29C}
	EndGlobalSection
EndGlobal
